{
  "name": "pipa-ui",
  "lockfileVersion": 3,
  "requires": true,
  "packages": {
    "": {
      "name": "pipa-ui",
      "devDependencies": {
        "daisyui": "^5.7.43"
      }
    },
    "node_modules/daisyui": {
      "version": "5.7.44",
      "resolved": "https://registry.npmjs.org/daisyui/-/daisyui-5.7.44.tgz",
      "integrity": "sha512-6lI20/C6tv3t52cVTffFALou6bStVq6miGeZ35H/2/L3JxabpnDiqnBsa7MLRFRc0JEZr4MQdrw8weUUC0puig==",
      "dev": true,
      "license": "MIT",
      "funding": {
        "url": "https://github.com/saadeghi/daisyui?sponsor=1"
      }
    }
  }
}
